name: Relock

# Regenerates bun.lock on a real runner and pushes the result back to the
# branch it was dispatched on. The lockfile records the sha512 of each GitHub
# tarball, and only a machine that can reach the real api.github.com can
# compute those — a sandboxed environment cannot, so it delegates to this.
#
# It used to fire on edits to ITSELF, because dispatch needs the file on the
# default branch and the integration branch was not it. Now it is, so the hack
# is gone and this is dispatched like anything else. The trailing marker
# comments below are what remains of it — kept as a record of which relocks
# were run that way, not as a mechanism.
#
# Routine plugin bumps no longer come here: `bump-plugin.yml` moves the pin and
# relocks in one job. This is for the rest — a dependency added or changed by
# hand, or a lockfile that drifted.
on:
  workflow_dispatch:

permissions:
  contents: write

jobs:
  relock:
    runs-on: ubuntu-latest
    steps:
      - uses: actions/checkout@v4

      # Must match `packageManager` in the root package.json. A lockfile written
      # by an older bun than the one CI installs with is regenerated on install,
      # and `--frozen-lockfile` turns that into a failed build — a relock that
      # produces a lockfile CI then rejects is worse than no relock at all.
      - uses: oven-sh/setup-bun@v2
        with:
          bun-version: 1.3.14

      - name: Regenerate the lockfile
        run: bun install

      - name: Push it back
        run: |
          git config user.name 'github-actions[bot]'
          git config user.email 'github-actions[bot]@users.noreply.github.com'
          git add bun.lock
          if git diff --cached --quiet; then
            echo 'lockfile already in sync'
            exit 0
          fi
          git commit -m 'chore: regenerate bun.lock on a real runner'
          git push

# relock: declare mysql2 where it is imported

# relock: plugin-warehouse v0.1.1 (1c73ce2)

# relock: plugin-warehouse v0.1.2 (49b2f16)
